
Microsoft Visual Studio Solution File, Format Version 12.00
# Visual Studio 2013
VisualStudioVersion = 12.0.21005.1
MinimumVisualStudioVersion = 10.0.40219.1
Project("{FAE04EC0-301F-11D3-BF4B-00C04F79EFBC}") = "OMSTeleSale", "MBNIdNew\OMSTeleSale.csproj", "{BE5C8588-59F6-476D-9CC6-C63CC8AE1949}"
EndProject
Project("{2150E333-8FDC-42A3-9474-1A3956D46DE8}") = "Infrastructure", "Infrastructure", "{70B33F28-50F3-4070-A7EB-E2BC5601D43A}"
EndProject
Project("{2150E333-8FDC-42A3-9474-1A3956D46DE8}") = "Module", "Module", "{B93BF3C0-2EF9-459E-9180-C32D0225F845}"
EndProject
Project("{2150E333-8FDC-42A3-9474-1A3956D46DE8}") = "MiddleTier", "MiddleTier", "{7E801AFF-1A84-47C2-941C-609957894C78}"
EndProject
Project("{2150E333-8FDC-42A3-9474-1A3956D46DE8}") = "Transaction", "Transaction", "{2C2F966B-73C9-4F33-960F-E77DE2FE84A7}"
EndProject
Project("{FAE04EC0-301F-11D3-BF4B-00C04F79EFBC}") = "MB.OMS.Transaction.Controller", "Module\Transaction\MB.Id.Transaction.Controller\MB.OMS.Transaction.Controller.csproj", "{20D65857-7687-45DF-81B8-64E4697F34B6}"
EndProject
Project("{FAE04EC0-301F-11D3-BF4B-00C04F79EFBC}") = "MB.OMS.Transaction.Domain", "Module\Transaction\MB.Id.Transaction.Domain\MB.OMS.Transaction.Domain.csproj", "{9097DD0E-C586-42ED-92DE-4923784A54D9}"
EndProject
Project("{FAE04EC0-301F-11D3-BF4B-00C04F79EFBC}") = "MB.OMS.Transaction.Service", "Module\Transaction\MB.Id.Transaction.Service\MB.OMS.Transaction.Service.csproj", "{79E77357-5366-4F07-92EA-6629570D2DB0}"
EndProject
Project("{FAE04EC0-301F-11D3-BF4B-00C04F79EFBC}") = "MB.OMS.Transaction.Repository", "Module\Transaction\MB.Id.Transaction.Repository\MB.OMS.Transaction.Repository.csproj", "{B7037B44-8E53-433B-8F40-D8EB0CD930D7}"
EndProject
Project("{2150E333-8FDC-42A3-9474-1A3956D46DE8}") = "Account", "Account", "{619FCAA8-7D61-438E-A085-6FB246030BD5}"
EndProject
Project("{FAE04EC0-301F-11D3-BF4B-00C04F79EFBC}") = "MB.OMS.Account.Controller", "Module\User\MB.Id.User.Controller\MB.OMS.Account.Controller.csproj", "{D75AAAD0-2828-481C-B17E-3D1596F5DB5B}"
EndProject
Project("{FAE04EC0-301F-11D3-BF4B-00C04F79EFBC}") = "MB.OMS.Account.Repository", "Module\User\MB.Id.User.Repository\MB.OMS.Account.Repository.csproj", "{830D5903-B012-42CA-AC27-AB35BB1EEE31}"
EndProject
Project("{FAE04EC0-301F-11D3-BF4B-00C04F79EFBC}") = "MB.OMS.Account.Domain", "Module\User\MB.Id.User.Domain\MB.OMS.Account.Domain.csproj", "{27DC8A38-76CE-4803-BC3C-09A5515CE0D1}"
EndProject
Project("{FAE04EC0-301F-11D3-BF4B-00C04F79EFBC}") = "MB.OMS.Account.Service", "Module\User\MB.Id.User.Service\MB.OMS.Account.Service.csproj", "{94F9D941-C2DE-46AD-A91E-E43EBFFA7858}"
EndProject
Project("{FAE04EC0-301F-11D3-BF4B-00C04F79EFBC}") = "MB.DAL.Core", "Infrastructure\DAL\BaseRepository\MB.DAL.Core.csproj", "{9F747A2F-87F2-426D-BA62-1E6B36355621}"
EndProject
Project("{FAE04EC0-301F-11D3-BF4B-00C04F79EFBC}") = "MB.Web.Core", "Infrastructure\Web.Core\MB.Web.Core.csproj", "{2E9791EE-E29C-40C1-A75E-66F646B94D9A}"
EndProject
Project("{2150E333-8FDC-42A3-9474-1A3956D46DE8}") = "Common", "Common", "{E2EA28F6-30BD-43CE-A610-4174DBE71D7A}"
EndProject
Project("{FAE04EC0-301F-11D3-BF4B-00C04F79EFBC}") = "MB.OMS.Common.Controller", "Module\Common\MB.Id.Common.Controller\MB.OMS.Common.Controller.csproj", "{1791DE43-ECBA-414D-83F5-6D6B94BEC1AE}"
EndProject
Project("{FAE04EC0-301F-11D3-BF4B-00C04F79EFBC}") = "MB.OMS.Common.Repository", "Module\Common\MB.Id.Common.Repository\MB.OMS.Common.Repository.csproj", "{0F0C9293-730F-45D7-87A6-ECE9EB7C54E6}"
EndProject
Project("{FAE04EC0-301F-11D3-BF4B-00C04F79EFBC}") = "MB.OMS.Common.Domain", "Module\Common\MB.Id.Common.Domain\MB.OMS.Common.Domain.csproj", "{A48AD52C-BBCC-455A-96B2-6468845F1221}"
EndProject
Project("{FAE04EC0-301F-11D3-BF4B-00C04F79EFBC}") = "MB.Common", "Infrastructure\MB.Common\MB.Common.csproj", "{BFC1A0CA-06DC-470C-B4C0-DD46F26DC616}"
EndProject
Project("{2150E333-8FDC-42A3-9474-1A3956D46DE8}") = "OMS", "OMS", "{ADF766CF-5AA3-4292-A5A5-8F6B59329734}"
EndProject
Project("{FAE04EC0-301F-11D3-BF4B-00C04F79EFBC}") = "MB.OMS.Telesale.Controller", "Module\OMS\MB.OMS.Telesale.Controller\MB.OMS.Telesale.Controller.csproj", "{C7B959AC-914A-4841-89A5-8614869AAE6B}"
EndProject
Project("{FAE04EC0-301F-11D3-BF4B-00C04F79EFBC}") = "MB.OMS.Telesale.Domain", "Module\OMS\MB.OMS.Telesale.Domain\MB.OMS.Telesale.Domain.csproj", "{89D65F96-E216-47CF-A225-D9A61352A4C2}"
EndProject
Project("{FAE04EC0-301F-11D3-BF4B-00C04F79EFBC}") = "MB.OMS.Telesale.Repository", "Module\OMS\MB.OMS.Telesale.Repository\MB.OMS.Telesale.Repository.csproj", "{262853B0-FF30-4A88-921A-1DEE62BA0D01}"
EndProject
Project("{FAE04EC0-301F-11D3-BF4B-00C04F79EFBC}") = "MB.OMS.Telesale.Service", "Module\OMS\MB.OMS.Telesale.Service\MB.OMS.Telesale.Service.csproj", "{F48B0DE0-792E-4B64-9A3D-1DC247D5E0E8}"
EndProject
Global
	GlobalSection(SolutionConfigurationPlatforms) = preSolution
		Debug|Any CPU = Debug|Any CPU
		Release|Any CPU = Release|Any CPU
	EndGlobalSection
	GlobalSection(ProjectConfigurationPlatforms) = postSolution
		{BE5C8588-59F6-476D-9CC6-C63CC8AE1949}.Debug|Any CPU.ActiveCfg = Debug|Any CPU
		{BE5C8588-59F6-476D-9CC6-C63CC8AE1949}.Debug|Any CPU.Build.0 = Debug|Any CPU
		{BE5C8588-59F6-476D-9CC6-C63CC8AE1949}.Release|Any CPU.ActiveCfg = Release|Any CPU
		{BE5C8588-59F6-476D-9CC6-C63CC8AE1949}.Release|Any CPU.Build.0 = Release|Any CPU
		{20D65857-7687-45DF-81B8-64E4697F34B6}.Debug|Any CPU.ActiveCfg = Debug|Any CPU
		{20D65857-7687-45DF-81B8-64E4697F34B6}.Debug|Any CPU.Build.0 = Debug|Any CPU
		{20D65857-7687-45DF-81B8-64E4697F34B6}.Release|Any CPU.ActiveCfg = Release|Any CPU
		{20D65857-7687-45DF-81B8-64E4697F34B6}.Release|Any CPU.Build.0 = Release|Any CPU
		{9097DD0E-C586-42ED-92DE-4923784A54D9}.Debug|Any CPU.ActiveCfg = Debug|Any CPU
		{9097DD0E-C586-42ED-92DE-4923784A54D9}.Debug|Any CPU.Build.0 = Debug|Any CPU
		{9097DD0E-C586-42ED-92DE-4923784A54D9}.Release|Any CPU.ActiveCfg = Release|Any CPU
		{9097DD0E-C586-42ED-92DE-4923784A54D9}.Release|Any CPU.Build.0 = Release|Any CPU
		{79E77357-5366-4F07-92EA-6629570D2DB0}.Debug|Any CPU.ActiveCfg = Debug|Any CPU
		{79E77357-5366-4F07-92EA-6629570D2DB0}.Debug|Any CPU.Build.0 = Debug|Any CPU
		{79E77357-5366-4F07-92EA-6629570D2DB0}.Release|Any CPU.ActiveCfg = Release|Any CPU
		{79E77357-5366-4F07-92EA-6629570D2DB0}.Release|Any CPU.Build.0 = Release|Any CPU
		{B7037B44-8E53-433B-8F40-D8EB0CD930D7}.Debug|Any CPU.ActiveCfg = Debug|Any CPU
		{B7037B44-8E53-433B-8F40-D8EB0CD930D7}.Debug|Any CPU.Build.0 = Debug|Any CPU
		{B7037B44-8E53-433B-8F40-D8EB0CD930D7}.Release|Any CPU.ActiveCfg = Release|Any CPU
		{B7037B44-8E53-433B-8F40-D8EB0CD930D7}.Release|Any CPU.Build.0 = Release|Any CPU
		{D75AAAD0-2828-481C-B17E-3D1596F5DB5B}.Debug|Any CPU.ActiveCfg = Debug|Any CPU
		{D75AAAD0-2828-481C-B17E-3D1596F5DB5B}.Debug|Any CPU.Build.0 = Debug|Any CPU
		{D75AAAD0-2828-481C-B17E-3D1596F5DB5B}.Release|Any CPU.ActiveCfg = Release|Any CPU
		{D75AAAD0-2828-481C-B17E-3D1596F5DB5B}.Release|Any CPU.Build.0 = Release|Any CPU
		{830D5903-B012-42CA-AC27-AB35BB1EEE31}.Debug|Any CPU.ActiveCfg = Debug|Any CPU
		{830D5903-B012-42CA-AC27-AB35BB1EEE31}.Debug|Any CPU.Build.0 = Debug|Any CPU
		{830D5903-B012-42CA-AC27-AB35BB1EEE31}.Release|Any CPU.ActiveCfg = Release|Any CPU
		{830D5903-B012-42CA-AC27-AB35BB1EEE31}.Release|Any CPU.Build.0 = Release|Any CPU
		{27DC8A38-76CE-4803-BC3C-09A5515CE0D1}.Debug|Any CPU.ActiveCfg = Debug|Any CPU
		{27DC8A38-76CE-4803-BC3C-09A5515CE0D1}.Debug|Any CPU.Build.0 = Debug|Any CPU
		{27DC8A38-76CE-4803-BC3C-09A5515CE0D1}.Release|Any CPU.ActiveCfg = Release|Any CPU
		{27DC8A38-76CE-4803-BC3C-09A5515CE0D1}.Release|Any CPU.Build.0 = Release|Any CPU
		{94F9D941-C2DE-46AD-A91E-E43EBFFA7858}.Debug|Any CPU.ActiveCfg = Debug|Any CPU
		{94F9D941-C2DE-46AD-A91E-E43EBFFA7858}.Debug|Any CPU.Build.0 = Debug|Any CPU
		{94F9D941-C2DE-46AD-A91E-E43EBFFA7858}.Release|Any CPU.ActiveCfg = Release|Any CPU
		{94F9D941-C2DE-46AD-A91E-E43EBFFA7858}.Release|Any CPU.Build.0 = Release|Any CPU
		{9F747A2F-87F2-426D-BA62-1E6B36355621}.Debug|Any CPU.ActiveCfg = Debug|Any CPU
		{9F747A2F-87F2-426D-BA62-1E6B36355621}.Debug|Any CPU.Build.0 = Debug|Any CPU
		{9F747A2F-87F2-426D-BA62-1E6B36355621}.Release|Any CPU.ActiveCfg = Release|Any CPU
		{9F747A2F-87F2-426D-BA62-1E6B36355621}.Release|Any CPU.Build.0 = Release|Any CPU
		{2E9791EE-E29C-40C1-A75E-66F646B94D9A}.Debug|Any CPU.ActiveCfg = Debug|Any CPU
		{2E9791EE-E29C-40C1-A75E-66F646B94D9A}.Debug|Any CPU.Build.0 = Debug|Any CPU
		{2E9791EE-E29C-40C1-A75E-66F646B94D9A}.Release|Any CPU.ActiveCfg = Release|Any CPU
		{2E9791EE-E29C-40C1-A75E-66F646B94D9A}.Release|Any CPU.Build.0 = Release|Any CPU
		{1791DE43-ECBA-414D-83F5-6D6B94BEC1AE}.Debug|Any CPU.ActiveCfg = Debug|Any CPU
		{1791DE43-ECBA-414D-83F5-6D6B94BEC1AE}.Debug|Any CPU.Build.0 = Debug|Any CPU
		{1791DE43-ECBA-414D-83F5-6D6B94BEC1AE}.Release|Any CPU.ActiveCfg = Release|Any CPU
		{1791DE43-ECBA-414D-83F5-6D6B94BEC1AE}.Release|Any CPU.Build.0 = Release|Any CPU
		{0F0C9293-730F-45D7-87A6-ECE9EB7C54E6}.Debug|Any CPU.ActiveCfg = Debug|Any CPU
		{0F0C9293-730F-45D7-87A6-ECE9EB7C54E6}.Debug|Any CPU.Build.0 = Debug|Any CPU
		{0F0C9293-730F-45D7-87A6-ECE9EB7C54E6}.Release|Any CPU.ActiveCfg = Release|Any CPU
		{0F0C9293-730F-45D7-87A6-ECE9EB7C54E6}.Release|Any CPU.Build.0 = Release|Any CPU
		{A48AD52C-BBCC-455A-96B2-6468845F1221}.Debug|Any CPU.ActiveCfg = Debug|Any CPU
		{A48AD52C-BBCC-455A-96B2-6468845F1221}.Debug|Any CPU.Build.0 = Debug|Any CPU
		{A48AD52C-BBCC-455A-96B2-6468845F1221}.Release|Any CPU.ActiveCfg = Release|Any CPU
		{A48AD52C-BBCC-455A-96B2-6468845F1221}.Release|Any CPU.Build.0 = Release|Any CPU
		{BFC1A0CA-06DC-470C-B4C0-DD46F26DC616}.Debug|Any CPU.ActiveCfg = Debug|Any CPU
		{BFC1A0CA-06DC-470C-B4C0-DD46F26DC616}.Debug|Any CPU.Build.0 = Debug|Any CPU
		{BFC1A0CA-06DC-470C-B4C0-DD46F26DC616}.Release|Any CPU.ActiveCfg = Release|Any CPU
		{BFC1A0CA-06DC-470C-B4C0-DD46F26DC616}.Release|Any CPU.Build.0 = Release|Any CPU
		{C7B959AC-914A-4841-89A5-8614869AAE6B}.Debug|Any CPU.ActiveCfg = Debug|Any CPU
		{C7B959AC-914A-4841-89A5-8614869AAE6B}.Debug|Any CPU.Build.0 = Debug|Any CPU
		{C7B959AC-914A-4841-89A5-8614869AAE6B}.Release|Any CPU.ActiveCfg = Release|Any CPU
		{C7B959AC-914A-4841-89A5-8614869AAE6B}.Release|Any CPU.Build.0 = Release|Any CPU
		{89D65F96-E216-47CF-A225-D9A61352A4C2}.Debug|Any CPU.ActiveCfg = Debug|Any CPU
		{89D65F96-E216-47CF-A225-D9A61352A4C2}.Debug|Any CPU.Build.0 = Debug|Any CPU
		{89D65F96-E216-47CF-A225-D9A61352A4C2}.Release|Any CPU.ActiveCfg = Release|Any CPU
		{89D65F96-E216-47CF-A225-D9A61352A4C2}.Release|Any CPU.Build.0 = Release|Any CPU
		{262853B0-FF30-4A88-921A-1DEE62BA0D01}.Debug|Any CPU.ActiveCfg = Debug|Any CPU
		{262853B0-FF30-4A88-921A-1DEE62BA0D01}.Debug|Any CPU.Build.0 = Debug|Any CPU
		{262853B0-FF30-4A88-921A-1DEE62BA0D01}.Release|Any CPU.ActiveCfg = Release|Any CPU
		{262853B0-FF30-4A88-921A-1DEE62BA0D01}.Release|Any CPU.Build.0 = Release|Any CPU
		{F48B0DE0-792E-4B64-9A3D-1DC247D5E0E8}.Debug|Any CPU.ActiveCfg = Debug|Any CPU
		{F48B0DE0-792E-4B64-9A3D-1DC247D5E0E8}.Debug|Any CPU.Build.0 = Debug|Any CPU
		{F48B0DE0-792E-4B64-9A3D-1DC247D5E0E8}.Release|Any CPU.ActiveCfg = Release|Any CPU
		{F48B0DE0-792E-4B64-9A3D-1DC247D5E0E8}.Release|Any CPU.Build.0 = Release|Any CPU
	EndGlobalSection
	GlobalSection(SolutionProperties) = preSolution
		HideSolutionNode = FALSE
	EndGlobalSection
	GlobalSection(NestedProjects) = preSolution
		{9F747A2F-87F2-426D-BA62-1E6B36355621} = {70B33F28-50F3-4070-A7EB-E2BC5601D43A}
		{2E9791EE-E29C-40C1-A75E-66F646B94D9A} = {70B33F28-50F3-4070-A7EB-E2BC5601D43A}
		{BFC1A0CA-06DC-470C-B4C0-DD46F26DC616} = {70B33F28-50F3-4070-A7EB-E2BC5601D43A}
		{2C2F966B-73C9-4F33-960F-E77DE2FE84A7} = {B93BF3C0-2EF9-459E-9180-C32D0225F845}
		{619FCAA8-7D61-438E-A085-6FB246030BD5} = {B93BF3C0-2EF9-459E-9180-C32D0225F845}
		{E2EA28F6-30BD-43CE-A610-4174DBE71D7A} = {B93BF3C0-2EF9-459E-9180-C32D0225F845}
		{ADF766CF-5AA3-4292-A5A5-8F6B59329734} = {B93BF3C0-2EF9-459E-9180-C32D0225F845}
		{20D65857-7687-45DF-81B8-64E4697F34B6} = {2C2F966B-73C9-4F33-960F-E77DE2FE84A7}
		{9097DD0E-C586-42ED-92DE-4923784A54D9} = {2C2F966B-73C9-4F33-960F-E77DE2FE84A7}
		{79E77357-5366-4F07-92EA-6629570D2DB0} = {2C2F966B-73C9-4F33-960F-E77DE2FE84A7}
		{B7037B44-8E53-433B-8F40-D8EB0CD930D7} = {2C2F966B-73C9-4F33-960F-E77DE2FE84A7}
		{D75AAAD0-2828-481C-B17E-3D1596F5DB5B} = {619FCAA8-7D61-438E-A085-6FB246030BD5}
		{830D5903-B012-42CA-AC27-AB35BB1EEE31} = {619FCAA8-7D61-438E-A085-6FB246030BD5}
		{27DC8A38-76CE-4803-BC3C-09A5515CE0D1} = {619FCAA8-7D61-438E-A085-6FB246030BD5}
		{94F9D941-C2DE-46AD-A91E-E43EBFFA7858} = {619FCAA8-7D61-438E-A085-6FB246030BD5}
		{1791DE43-ECBA-414D-83F5-6D6B94BEC1AE} = {E2EA28F6-30BD-43CE-A610-4174DBE71D7A}
		{0F0C9293-730F-45D7-87A6-ECE9EB7C54E6} = {E2EA28F6-30BD-43CE-A610-4174DBE71D7A}
		{A48AD52C-BBCC-455A-96B2-6468845F1221} = {E2EA28F6-30BD-43CE-A610-4174DBE71D7A}
		{C7B959AC-914A-4841-89A5-8614869AAE6B} = {ADF766CF-5AA3-4292-A5A5-8F6B59329734}
		{89D65F96-E216-47CF-A225-D9A61352A4C2} = {ADF766CF-5AA3-4292-A5A5-8F6B59329734}
		{262853B0-FF30-4A88-921A-1DEE62BA0D01} = {ADF766CF-5AA3-4292-A5A5-8F6B59329734}
		{F48B0DE0-792E-4B64-9A3D-1DC247D5E0E8} = {ADF766CF-5AA3-4292-A5A5-8F6B59329734}
	EndGlobalSection
EndGlobal
